// !$*UTF8*$!
{
	archiveVersion = 1;
	classes = {
	};
	objectVersion = 51;
	objects = {

/* Begin PBXBuildFile section */
		5679439E24DA3B7F00F258C3 /* AppDelegate.swift in Sources */ = {isa = PBXBuildFile; fileRef = 5679439D24DA3B7F00F258C3 /* AppDelegate.swift */; };
		567943A524DA3B7F00F258C3 /* Main.storyboard in Resources */ = {isa = PBXBuildFile; fileRef = 567943A324DA3B7F00F258C3 /* Main.storyboard */; };
		567943A724DA3B8100F258C3 /* Assets.xcassets in Resources */ = {isa = PBXBuildFile; fileRef = 567943A624DA3B8100F258C3 /* Assets.xcassets */; };
		567943AA24DA3B8100F258C3 /* LaunchScreen.storyboard in Resources */ = {isa = PBXBuildFile; fileRef = 567943A824DA3B8100F258C3 /* LaunchScreen.storyboard */; };
		567943B624DA40E300F258C3 /* Navigator.swift in Sources */ = {isa = PBXBuildFile; fileRef = 567943B524DA40E300F258C3 /* Navigator.swift */; };
		567943BD24DA423D00F258C3 /* Service.swift in Sources */ = {isa = PBXBuildFile; fileRef = 567943BC24DA423D00F258C3 /* Service.swift */; };
		567943BF24DA425000F258C3 /* TestViewController.swift in Sources */ = {isa = PBXBuildFile; fileRef = 567943BE24DA425000F258C3 /* TestViewController.swift */; };
		870034B824DFC6420038A8BD /* URLReq.swift in Sources */ = {isa = PBXBuildFile; fileRef = 870034B724DFC6420038A8BD /* URLReq.swift */; };
		870034BA24DFC67E0038A8BD /* Result.swift in Sources */ = {isa = PBXBuildFile; fileRef = 870034B924DFC67E0038A8BD /* Result.swift */; };
		870034BC24DFD1B60038A8BD /* ETCMethod.swift in Sources */ = {isa = PBXBuildFile; fileRef = 870034BB24DFD1B60038A8BD /* ETCMethod.swift */; };
		870034BE24E17A5F0038A8BD /* MessengerViewModel.swift in Sources */ = {isa = PBXBuildFile; fileRef = 870034BD24E17A5F0038A8BD /* MessengerViewModel.swift */; };
		8791C18524ED5C21002E5732 /* InfoCell.swift in Sources */ = {isa = PBXBuildFile; fileRef = 8791C18424ED5C21002E5732 /* InfoCell.swift */; };
		8791C18724ED5C70002E5732 /* BaseCollectionViewCell.swift in Sources */ = {isa = PBXBuildFile; fileRef = 8791C18624ED5C70002E5732 /* BaseCollectionViewCell.swift */; };
		87A2304E24DAD76700810364 /* BaseViewController.swift in Sources */ = {isa = PBXBuildFile; fileRef = 87A2304D24DAD76700810364 /* BaseViewController.swift */; };
		87A2305024DAD87500810364 /* TabbarController.swift in Sources */ = {isa = PBXBuildFile; fileRef = 87A2304F24DAD87500810364 /* TabbarController.swift */; };
		87A2305424DAD92800810364 /* MessengerController.swift in Sources */ = {isa = PBXBuildFile; fileRef = 87A2305324DAD92800810364 /* MessengerController.swift */; };
		87AB0EA324E8F083008A841E /* ComplaintsViewController.swift in Sources */ = {isa = PBXBuildFile; fileRef = 87AB0EA224E8F083008A841E /* ComplaintsViewController.swift */; };
		87C60CEB24DC3D3F00B5A197 /* StationModel.swift in Sources */ = {isa = PBXBuildFile; fileRef = 87C60CEA24DC3D3F00B5A197 /* StationModel.swift */; };
		87C60CED24DC3D5F00B5A197 /* ScheduleModel.swift in Sources */ = {isa = PBXBuildFile; fileRef = 87C60CEC24DC3D5F00B5A197 /* ScheduleModel.swift */; };
		87C60CEF24DFC14A00B5A197 /* MessengerService.swift in Sources */ = {isa = PBXBuildFile; fileRef = 87C60CEE24DFC14A00B5A197 /* MessengerService.swift */; };
		D64F44B34AFF789C842D7EED /* Pods_SubwayMessenger.framework in Frameworks */ = {isa = PBXBuildFile; fileRef = 215D6842A5E7E3BAE83C784E /* Pods_SubwayMessenger.framework */; };
/* End PBXBuildFile section */

/* Begin PBXFileReference section */
		215D6842A5E7E3BAE83C784E /* Pods_SubwayMessenger.framework */ = {isa = PBXFileReference; explicitFileType = wrapper.framework; includeInIndex = 0; path = Pods_SubwayMessenger.framework; sourceTree = BUILT_PRODUCTS_DIR; };
		5679439A24DA3B7F00F258C3 /* SubwayMessenger.app */ = {isa = PBXFileReference; explicitFileType = wrapper.application; includeInIndex = 0; path = SubwayMessenger.app; sourceTree = BUILT_PRODUCTS_DIR; };
		5679439D24DA3B7F00F258C3 /* AppDelegate.swift */ = {isa = PBXFileReference; lastKnownFileType = sourcecode.swift; path = AppDelegate.swift; sourceTree = "<group>"; };
		567943A424DA3B7F00F258C3 /* Base */ = {isa = PBXFileReference; lastKnownFileType = file.storyboard; name = Base; path = Base.lproj/Main.storyboard; sourceTree = "<group>"; };
		567943A624DA3B8100F258C3 /* Assets.xcassets */ = {isa = PBXFileReference; lastKnownFileType = folder.assetcatalog; path = Assets.xcassets; sourceTree = "<group>"; };
		567943A924DA3B8100F258C3 /* Base */ = {isa = PBXFileReference; lastKnownFileType = file.storyboard; name = Base; path = Base.lproj/LaunchScreen.storyboard; sourceTree = "<group>"; };
		567943AB24DA3B8100F258C3 /* Info.plist */ = {isa = PBXFileReference; lastKnownFileType = text.plist.xml; path = Info.plist; sourceTree = "<group>"; };
		567943B524DA40E300F258C3 /* Navigator.swift */ = {isa = PBXFileReference; lastKnownFileType = sourcecode.swift; path = Navigator.swift; sourceTree = "<group>"; };
		567943BC24DA423D00F258C3 /* Service.swift */ = {isa = PBXFileReference; lastKnownFileType = sourcecode.swift; path = Service.swift; sourceTree = "<group>"; };
		567943BE24DA425000F258C3 /* TestViewController.swift */ = {isa = PBXFileReference; lastKnownFileType = sourcecode.swift; path = TestViewController.swift; sourceTree = "<group>"; };
		870034B724DFC6420038A8BD /* URLReq.swift */ = {isa = PBXFileReference; lastKnownFileType = sourcecode.swift; path = URLReq.swift; sourceTree = "<group>"; };
		870034B924DFC67E0038A8BD /* Result.swift */ = {isa = PBXFileReference; lastKnownFileType = sourcecode.swift; path = Result.swift; sourceTree = "<group>"; };
		870034BB24DFD1B60038A8BD /* ETCMethod.swift */ = {isa = PBXFileReference; lastKnownFileType = sourcecode.swift; path = ETCMethod.swift; sourceTree = "<group>"; };
		870034BD24E17A5F0038A8BD /* MessengerViewModel.swift */ = {isa = PBXFileReference; lastKnownFileType = sourcecode.swift; path = MessengerViewModel.swift; sourceTree = "<group>"; };
		8791C18424ED5C21002E5732 /* InfoCell.swift */ = {isa = PBXFileReference; lastKnownFileType = sourcecode.swift; path = InfoCell.swift; sourceTree = "<group>"; };
		8791C18624ED5C70002E5732 /* BaseCollectionViewCell.swift */ = {isa = PBXFileReference; lastKnownFileType = sourcecode.swift; path = BaseCollectionViewCell.swift; sourceTree = "<group>"; };
		87A2304D24DAD76700810364 /* BaseViewController.swift */ = {isa = PBXFileReference; lastKnownFileType = sourcecode.swift; path = BaseViewController.swift; sourceTree = "<group>"; };
		87A2304F24DAD87500810364 /* TabbarController.swift */ = {isa = PBXFileReference; lastKnownFileType = sourcecode.swift; path = TabbarController.swift; sourceTree = "<group>"; };
		87A2305324DAD92800810364 /* MessengerController.swift */ = {isa = PBXFileReference; lastKnownFileType = sourcecode.swift; path = MessengerController.swift; sourceTree = "<group>"; };
		87AB0EA224E8F083008A841E /* ComplaintsViewController.swift */ = {isa = PBXFileReference; lastKnownFileType = sourcecode.swift; path = ComplaintsViewController.swift; sourceTree = "<group>"; };
		87C60CEA24DC3D3F00B5A197 /* StationModel.swift */ = {isa = PBXFileReference; lastKnownFileType = sourcecode.swift; path = StationModel.swift; sourceTree = "<group>"; };
		87C60CEC24DC3D5F00B5A197 /* ScheduleModel.swift */ = {isa = PBXFileReference; lastKnownFileType = sourcecode.swift; path = ScheduleModel.swift; sourceTree = "<group>"; };
		87C60CEE24DFC14A00B5A197 /* MessengerService.swift */ = {isa = PBXFileReference; lastKnownFileType = sourcecode.swift; path = MessengerService.swift; sourceTree = "<group>"; };
		E799FECAE8E7BA628AEDD364 /* Pods-SubwayMessenger.debug.xcconfig */ = {isa = PBXFileReference; includeInIndex = 1; lastKnownFileType = text.xcconfig; name = "Pods-SubwayMessenger.debug.xcconfig"; path = "Target Support Files/Pods-SubwayMessenger/Pods-SubwayMessenger.debug.xcconfig"; sourceTree = "<group>"; };
		ED61D9D40E9D7A2153E40D54 /* Pods-SubwayMessenger.release.xcconfig */ = {isa = PBXFileReference; includeInIndex = 1; lastKnownFileType = text.xcconfig; name = "Pods-SubwayMessenger.release.xcconfig"; path = "Target Support Files/Pods-SubwayMessenger/Pods-SubwayMessenger.release.xcconfig"; sourceTree = "<group>"; };
/* End PBXFileReference section */

/* Begin PBXFrameworksBuildPhase section */
		5679439724DA3B7F00F258C3 /* Frameworks */ = {
			isa = PBXFrameworksBuildPhase;
			buildActionMask = 2147483647;
			files = (
				D64F44B34AFF789C842D7EED /* Pods_SubwayMessenger.framework in Frameworks */,
			);
			runOnlyForDeploymentPostprocessing = 0;
		};
/* End PBXFrameworksBuildPhase section */

/* Begin PBXGroup section */
		5679439124DA3B7F00F258C3 = {
			isa = PBXGroup;
			children = (
				5679439C24DA3B7F00F258C3 /* SubwayMessenger */,
				5679439B24DA3B7F00F258C3 /* Products */,
				D1136736D45BE2D5B941F178 /* Pods */,
				8C58A77E4390735822D2385B /* Frameworks */,
			);
			sourceTree = "<group>";
		};
		5679439B24DA3B7F00F258C3 /* Products */ = {
			isa = PBXGroup;
			children = (
				5679439A24DA3B7F00F258C3 /* SubwayMessenger.app */,
			);
			name = Products;
			sourceTree = "<group>";
		};
		5679439C24DA3B7F00F258C3 /* SubwayMessenger */ = {
			isa = PBXGroup;
			children = (
				567943B324DA3F8200F258C3 /* Core */,
				567943B224DA3F7B00F258C3 /* Source */,
				567943B124DA3F6C00F258C3 /* SupportingFiles */,
				567943A324DA3B7F00F258C3 /* Main.storyboard */,
				567943A824DA3B8100F258C3 /* LaunchScreen.storyboard */,
				567943AB24DA3B8100F258C3 /* Info.plist */,
			);
			path = SubwayMessenger;
			sourceTree = "<group>";
		};
		567943B124DA3F6C00F258C3 /* SupportingFiles */ = {
			isa = PBXGroup;
			children = (
				567943A624DA3B8100F258C3 /* Assets.xcassets */,
				870034B724DFC6420038A8BD /* URLReq.swift */,
				870034BB24DFD1B60038A8BD /* ETCMethod.swift */,
			);
			path = SupportingFiles;
			sourceTree = "<group>";
		};
		567943B224DA3F7B00F258C3 /* Source */ = {
			isa = PBXGroup;
			children = (
				567943B924DA416600F258C3 /* Model */,
				567943B824DA415F00F258C3 /* Service */,
				567943B724DA415700F258C3 /* View */,
			);
			path = Source;
			sourceTree = "<group>";
		};
		567943B324DA3F8200F258C3 /* Core */ = {
			isa = PBXGroup;
			children = (
				5679439D24DA3B7F00F258C3 /* AppDelegate.swift */,
				87A2304C24DAD75300810364 /* Base */,
				567943B424DA40A200F258C3 /* Navigator */,
			);
			path = Core;
			sourceTree = "<group>";
		};
		567943B424DA40A200F258C3 /* Navigator */ = {
			isa = PBXGroup;
			children = (
				567943B524DA40E300F258C3 /* Navigator.swift */,
			);
			path = Navigator;
			sourceTree = "<group>";
		};
		567943B724DA415700F258C3 /* View */ = {
			isa = PBXGroup;
			children = (
				87A2305124DAD88E00810364 /* Messenger */,
				87A2305224DAD89E00810364 /* Subway */,
			);
			path = View;
			sourceTree = "<group>";
		};
		567943B824DA415F00F258C3 /* Service */ = {
			isa = PBXGroup;
			children = (
				870034B924DFC67E0038A8BD /* Result.swift */,
				567943BC24DA423D00F258C3 /* Service.swift */,
				87C60CEE24DFC14A00B5A197 /* MessengerService.swift */,
			);
			path = Service;
			sourceTree = "<group>";
		};
		567943B924DA416600F258C3 /* Model */ = {
			isa = PBXGroup;
			children = (
				87C60CF024DFC15200B5A197 /* Messenger */,
			);
			path = Model;
			sourceTree = "<group>";
		};
		8791C18324ED5B28002E5732 /* Cell */ = {
			isa = PBXGroup;
			children = (
				8791C18424ED5C21002E5732 /* InfoCell.swift */,
			);
			path = Cell;
			sourceTree = "<group>";
		};
		87A2304C24DAD75300810364 /* Base */ = {
			isa = PBXGroup;
			children = (
				87A2304D24DAD76700810364 /* BaseViewController.swift */,
				87A2304F24DAD87500810364 /* TabbarController.swift */,
				8791C18624ED5C70002E5732 /* BaseCollectionViewCell.swift */,
			);
			path = Base;
			sourceTree = "<group>";
		};
		87A2305124DAD88E00810364 /* Messenger */ = {
			isa = PBXGroup;
			children = (
				87A2305324DAD92800810364 /* MessengerController.swift */,
				870034BD24E17A5F0038A8BD /* MessengerViewModel.swift */,
				87AB0EA224E8F083008A841E /* ComplaintsViewController.swift */,
				8791C18324ED5B28002E5732 /* Cell */,
			);
			path = Messenger;
			sourceTree = "<group>";
		};
		87A2305224DAD89E00810364 /* Subway */ = {
			isa = PBXGroup;
			children = (
				567943BE24DA425000F258C3 /* TestViewController.swift */,
			);
			path = Subway;
			sourceTree = "<group>";
		};
		87C60CF024DFC15200B5A197 /* Messenger */ = {
			isa = PBXGroup;
			children = (
				87C60CEA24DC3D3F00B5A197 /* StationModel.swift */,
				87C60CEC24DC3D5F00B5A197 /* ScheduleModel.swift */,
			);
			path = Messenger;
			sourceTree = "<group>";
		};
		8C58A77E4390735822D2385B /* Frameworks */ = {
			isa = PBXGroup;
			children = (
				215D6842A5E7E3BAE83C784E /* Pods_SubwayMessenger.framework */,
			);
			name = Frameworks;
			sourceTree = "<group>";
		};
		D1136736D45BE2D5B941F178 /* Pods */ = {
			isa = PBXGroup;
			children = (
				E799FECAE8E7BA628AEDD364 /* Pods-SubwayMessenger.debug.xcconfig */,
				ED61D9D40E9D7A2153E40D54 /* Pods-SubwayMessenger.release.xcconfig */,
			);
			path = Pods;
			sourceTree = "<group>";
		};
/* End PBXGroup section */

/* Begin PBXNativeTarget section */
		5679439924DA3B7F00F258C3 /* SubwayMessenger */ = {
			isa = PBXNativeTarget;
			buildConfigurationList = 567943AE24DA3B8100F258C3 /* Build configuration list for PBXNativeTarget "SubwayMessenger" */;
			buildPhases = (
				3552A281EAFA6C69ACE4873B /* [CP] Check Pods Manifest.lock */,
				5679439624DA3B7F00F258C3 /* Sources */,
				5679439724DA3B7F00F258C3 /* Frameworks */,
				5679439824DA3B7F00F258C3 /* Resources */,
				103E280C2BAA6144F0F92165 /* [CP] Embed Pods Frameworks */,
			);
			buildRules = (
			);
			dependencies = (
			);
			name = SubwayMessenger;
			productName = SubwayMessenger;
			productReference = 5679439A24DA3B7F00F258C3 /* SubwayMessenger.app */;
			productType = "com.apple.product-type.application";
		};
/* End PBXNativeTarget section */

/* Begin PBXProject section */
		5679439224DA3B7F00F258C3 /* Project object */ = {
			isa = PBXProject;
			attributes = {
				LastSwiftUpdateCheck = 1150;
				LastUpgradeCheck = 1150;
				ORGANIZATIONNAME = Taehyeong;
				TargetAttributes = {
					5679439924DA3B7F00F258C3 = {
						CreatedOnToolsVersion = 11.5;
					};
				};
			};
			buildConfigurationList = 5679439524DA3B7F00F258C3 /* Build configuration list for PBXProject "SubwayMessenger" */;
			compatibilityVersion = "Xcode 9.3";
			developmentRegion = en;
			hasScannedForEncodings = 0;
			knownRegions = (
				en,
				Base,
			);
			mainGroup = 5679439124DA3B7F00F258C3;
			productRefGroup = 5679439B24DA3B7F00F258C3 /* Products */;
			projectDirPath = "";
			projectRoot = "";
			targets = (
				5679439924DA3B7F00F258C3 /* SubwayMessenger */,
			);
		};
/* End PBXProject section */

/* Begin PBXResourcesBuildPhase section */
		5679439824DA3B7F00F258C3 /* Resources */ = {
			isa = PBXResourcesBuildPhase;
			buildActionMask = 2147483647;
			files = (
				567943AA24DA3B8100F258C3 /* LaunchScreen.storyboard in Resources */,
				567943A724DA3B8100F258C3 /* Assets.xcassets in Resources */,
				567943A524DA3B7F00F258C3 /* Main.storyboard in Resources */,
			);
			runOnlyForDeploymentPostprocessing = 0;
		};
/* End PBXResourcesBuildPhase section */

/* Begin PBXShellScriptBuildPhase section */
		103E280C2BAA6144F0F92165 /* [CP] Embed Pods Frameworks */ = {
			isa = PBXShellScriptBuildPhase;
			buildActionMask = 2147483647;
			files = (
			);
			inputFileListPaths = (
				"${PODS_ROOT}/Target Support Files/Pods-SubwayMessenger/Pods-SubwayMessenger-frameworks-${CONFIGURATION}-input-files.xcfilelist",
			);
			name = "[CP] Embed Pods Frameworks";
			outputFileListPaths = (
				"${PODS_ROOT}/Target Support Files/Pods-SubwayMessenger/Pods-SubwayMessenger-frameworks-${CONFIGURATION}-output-files.xcfilelist",
			);
			runOnlyForDeploymentPostprocessing = 0;
			shellPath = /bin/sh;
			shellScript = "\"${PODS_ROOT}/Target Support Files/Pods-SubwayMessenger/Pods-SubwayMessenger-frameworks.sh\"\n";
			showEnvVarsInLog = 0;
		};
		3552A281EAFA6C69ACE4873B /* [CP] Check Pods Manifest.lock */ = {
			isa = PBXShellScriptBuildPhase;
			buildActionMask = 2147483647;
			files = (
			);
			inputFileListPaths = (
			);
			inputPaths = (
				"${PODS_PODFILE_DIR_PATH}/Podfile.lock",
				"${PODS_ROOT}/Manifest.lock",
			);
			name = "[CP] Check Pods Manifest.lock";
			outputFileListPaths = (
			);
			outputPaths = (
				"$(DERIVED_FILE_DIR)/Pods-SubwayMessenger-checkManifestLockResult.txt",
			);
			runOnlyForDeploymentPostprocessing = 0;
			shellPath = /bin/sh;
			shellScript = "diff \"${PODS_PODFILE_DIR_PATH}/Podfile.lock\" \"${PODS_ROOT}/Manifest.lock\" > /dev/null\nif [ $? != 0 ] ; then\n    # print error to STDERR\n    echo \"error: The sandbox is not in sync with the Podfile.lock. Run 'pod install' or update your CocoaPods installation.\" >&2\n    exit 1\nfi\n# This output is used by Xcode 'outputs' to avoid re-running this script phase.\necho \"SUCCESS\" > \"${SCRIPT_OUTPUT_FILE_0}\"\n";
			showEnvVarsInLog = 0;
		};
/* End PBXShellScriptBuildPhase section */

/* Begin PBXSourcesBuildPhase section */
		5679439624DA3B7F00F258C3 /* Sources */ = {
			isa = PBXSourcesBuildPhase;
			buildActionMask = 2147483647;
			files = (
				870034B824DFC6420038A8BD /* URLReq.swift in Sources */,
				87AB0EA324E8F083008A841E /* ComplaintsViewController.swift in Sources */,
				87A2305424DAD92800810364 /* MessengerController.swift in Sources */,
				87A2305024DAD87500810364 /* TabbarController.swift in Sources */,
				87C60CED24DC3D5F00B5A197 /* ScheduleModel.swift in Sources */,
				8791C18524ED5C21002E5732 /* InfoCell.swift in Sources */,
				5679439E24DA3B7F00F258C3 /* AppDelegate.swift in Sources */,
				8791C18724ED5C70002E5732 /* BaseCollectionViewCell.swift in Sources */,
				870034BC24DFD1B60038A8BD /* ETCMethod.swift in Sources */,
				567943BD24DA423D00F258C3 /* Service.swift in Sources */,
				870034BA24DFC67E0038A8BD /* Result.swift in Sources */,
				87C60CEB24DC3D3F00B5A197 /* StationModel.swift in Sources */,
				567943B624DA40E300F258C3 /* Navigator.swift in Sources */,
				870034BE24E17A5F0038A8BD /* MessengerViewModel.swift in Sources */,
				567943BF24DA425000F258C3 /* TestViewController.swift in Sources */,
				87A2304E24DAD76700810364 /* BaseViewController.swift in Sources */,
				87C60CEF24DFC14A00B5A197 /* MessengerService.swift in Sources */,
			);
			runOnlyForDeploymentPostprocessing = 0;
		};
/* End PBXSourcesBuildPhase section */

/* Begin PBXVariantGroup section */
		567943A324DA3B7F00F258C3 /* Main.storyboard */ = {
			isa = PBXVariantGroup;
			children = (
				567943A424DA3B7F00F258C3 /* Base */,
			);
			name = Main.storyboard;
			sourceTree = "<group>";
		};
		567943A824DA3B8100F258C3 /* LaunchScreen.storyboard */ = {
			isa = PBXVariantGroup;
			children = (
				567943A924DA3B8100F258C3 /* Base */,
			);
			name = LaunchScreen.storyboard;
			sourceTree = "<group>";
		};
/* End PBXVariantGroup section */

/* Begin XCBuildConfiguration section */
		567943AC24DA3B8100F258C3 /* Debug */ = {
			isa = XCBuildConfiguration;
			buildSettings = {
				ALWAYS_SEARCH_USER_PATHS = NO;
				CLANG_ANALYZER_NONNULL = YES;
				CLANG_ANALYZER_NUMBER_OBJECT_CONVERSION = YES_AGGRESSIVE;
				CLANG_CXX_LANGUAGE_STANDARD = "gnu++14";
				CLANG_CXX_LIBRARY = "libc++";
				CLANG_ENABLE_MODULES = YES;
				CLANG_ENABLE_OBJC_ARC = YES;
				CLANG_ENABLE_OBJC_WEAK = YES;
				CLANG_WARN_BLOCK_CAPTURE_AUTORELEASING = YES;
				CLANG_WARN_BOOL_CONVERSION = YES;
				CLANG_WARN_COMMA = YES;
				CLANG_WARN_CONSTANT_CONVERSION = YES;
				CLANG_WARN_DEPRECATED_OBJC_IMPLEMENTATIONS = YES;
				CLANG_WARN_DIRECT_OBJC_ISA_USAGE = YES_ERROR;
				CLANG_WARN_DOCUMENTATION_COMMENTS = YES;
				CLANG_WARN_EMPTY_BODY = YES;
				CLANG_WARN_ENUM_CONVERSION = YES;
				CLANG_WARN_INFINITE_RECURSION = YES;
				CLANG_WARN_INT_CONVERSION = YES;
				CLANG_WARN_NON_LITERAL_NULL_CONVERSION = YES;
				CLANG_WARN_OBJC_IMPLICIT_RETAIN_SELF = YES;
				CLANG_WARN_OBJC_LITERAL_CONVERSION = YES;
				CLANG_WARN_OBJC_ROOT_CLASS = YES_ERROR;
				CLANG_WARN_RANGE_LOOP_ANALYSIS = YES;
				CLANG_WARN_STRICT_PROTOTYPES = YES;
				CLANG_WARN_SUSPICIOUS_MOVE = YES;
				CLANG_WARN_UNGUARDED_AVAILABILITY = YES_AGGRESSIVE;
				CLANG_WARN_UNREACHABLE_CODE = YES;
				CLANG_WARN__DUPLICATE_METHOD_MATCH = YES;
				COPY_PHASE_STRIP = NO;
				DEBUG_INFORMATION_FORMAT = dwarf;
				ENABLE_STRICT_OBJC_MSGSEND = YES;
				ENABLE_TESTABILITY = YES;
				GCC_C_LANGUAGE_STANDARD = gnu11;
				GCC_DYNAMIC_NO_PIC = NO;
				GCC_NO_COMMON_BLOCKS = YES;
				GCC_OPTIMIZATION_LEVEL = 0;
				GCC_PREPROCESSOR_DEFINITIONS = (
					"DEBUG=1",
					"$(inherited)",
				);
				GCC_WARN_64_TO_32_BIT_CONVERSION = YES;
				GCC_WARN_ABOUT_RETURN_TYPE = YES_ERROR;
				GCC_WARN_UNDECLARED_SELECTOR = YES;
				GCC_WARN_UNINITIALIZED_AUTOS = YES_AGGRESSIVE;
				GCC_WARN_UNUSED_FUNCTION = YES;
				GCC_WARN_UNUSED_VARIABLE = YES;
				IPHONEOS_DEPLOYMENT_TARGET = 11.0;
				MTL_ENABLE_DEBUG_INFO = INCLUDE_SOURCE;
				MTL_FAST_MATH = YES;
				ONLY_ACTIVE_ARCH = YES;
				SDKROOT = iphoneos;
				SWIFT_ACTIVE_COMPILATION_CONDITIONS = DEBUG;
				SWIFT_OPTIMIZATION_LEVEL = "-Onone";
			};
			name = Debug;
		};
		567943AD24DA3B8100F258C3 /* Release */ = {
			isa = XCBuildConfiguration;
			buildSettings = {
				ALWAYS_SEARCH_USER_PATHS = NO;
				CLANG_ANALYZER_NONNULL = YES;
				CLANG_ANALYZER_NUMBER_OBJECT_CONVERSION = YES_AGGRESSIVE;
				CLANG_CXX_LANGUAGE_STANDARD = "gnu++14";
				CLANG_CXX_LIBRARY = "libc++";
				CLANG_ENABLE_MODULES = YES;
				CLANG_ENABLE_OBJC_ARC = YES;
				CLANG_ENABLE_OBJC_WEAK = YES;
				CLANG_WARN_BLOCK_CAPTURE_AUTORELEASING = YES;
				CLANG_WARN_BOOL_CONVERSION = YES;
				CLANG_WARN_COMMA = YES;
				CLANG_WARN_CONSTANT_CONVERSION = YES;
				CLANG_WARN_DEPRECATED_OBJC_IMPLEMENTATIONS = YES;
				CLANG_WARN_DIRECT_OBJC_ISA_USAGE = YES_ERROR;
				CLANG_WARN_DOCUMENTATION_COMMENTS = YES;
				CLANG_WARN_EMPTY_BODY = YES;
				CLANG_WARN_ENUM_CONVERSION = YES;
				CLANG_WARN_INFINITE_RECURSION = YES;
				CLANG_WARN_INT_CONVERSION = YES;
				CLANG_WARN_NON_LITERAL_NULL_CONVERSION = YES;
				CLANG_WARN_OBJC_IMPLICIT_RETAIN_SELF = YES;
				CLANG_WARN_OBJC_LITERAL_CONVERSION = YES;
				CLANG_WARN_OBJC_ROOT_CLASS = YES_ERROR;
				CLANG_WARN_RANGE_LOOP_ANALYSIS = YES;
				CLANG_WARN_STRICT_PROTOTYPES = YES;
				CLANG_WARN_SUSPICIOUS_MOVE = YES;
				CLANG_WARN_UNGUARDED_AVAILABILITY = YES_AGGRESSIVE;
				CLANG_WARN_UNREACHABLE_CODE = YES;
				CLANG_WARN__DUPLICATE_METHOD_MATCH = YES;
				COPY_PHASE_STRIP = NO;
				DEBUG_INFORMATION_FORMAT = "dwarf-with-dsym";
				ENABLE_NS_ASSERTIONS = NO;
				ENABLE_STRICT_OBJC_MSGSEND = YES;
				GCC_C_LANGUAGE_STANDARD = gnu11;
				GCC_NO_COMMON_BLOCKS = YES;
				GCC_WARN_64_TO_32_BIT_CONVERSION = YES;
				GCC_WARN_ABOUT_RETURN_TYPE = YES_ERROR;
				GCC_WARN_UNDECLARED_SELECTOR = YES;
				GCC_WARN_UNINITIALIZED_AUTOS = YES_AGGRESSIVE;
				GCC_WARN_UNUSED_FUNCTION = YES;
				GCC_WARN_UNUSED_VARIABLE = YES;
				IPHONEOS_DEPLOYMENT_TARGET = 11.0;
				MTL_ENABLE_DEBUG_INFO = NO;
				MTL_FAST_MATH = YES;
				SDKROOT = iphoneos;
				SWIFT_COMPILATION_MODE = wholemodule;
				SWIFT_OPTIMIZATION_LEVEL = "-O";
				VALIDATE_PRODUCT = YES;
			};
			name = Release;
		};
		567943AF24DA3B8100F258C3 /* Debug */ = {
			isa = XCBuildConfiguration;
			baseConfigurationReference = E799FECAE8E7BA628AEDD364 /* Pods-SubwayMessenger.debug.xcconfig */;
			buildSettings = {
				ASSETCATALOG_COMPILER_APPICON_NAME = AppIcon;
				CODE_SIGN_STYLE = Automatic;
				DEVELOPMENT_TEAM = 9UT8US6W3V;
				INFOPLIST_FILE = SubwayMessenger/Info.plist;
				LD_RUNPATH_SEARCH_PATHS = (
					"$(inherited)",
					"@executable_path/Frameworks",
				);
				PRODUCT_BUNDLE_IDENTIFIER = Furabono.github.io.SubwayMessenger;
				PRODUCT_NAME = "$(TARGET_NAME)";
				SWIFT_VERSION = 4.2;
				TARGETED_DEVICE_FAMILY = "1,2";
			};
			name = Debug;
		};
		567943B024DA3B8100F258C3 /* Release */ = {
			isa = XCBuildConfiguration;
			baseConfigurationReference = ED61D9D40E9D7A2153E40D54 /* Pods-SubwayMessenger.release.xcconfig */;
			buildSettings = {
				ASSETCATALOG_COMPILER_APPICON_NAME = AppIcon;
				CODE_SIGN_STYLE = Automatic;
				DEVELOPMENT_TEAM = 9UT8US6W3V;
				INFOPLIST_FILE = SubwayMessenger/Info.plist;
				LD_RUNPATH_SEARCH_PATHS = (
					"$(inherited)",
					"@executable_path/Frameworks",
				);
				PRODUCT_BUNDLE_IDENTIFIER = Furabono.github.io.SubwayMessenger;
				PRODUCT_NAME = "$(TARGET_NAME)";
				SWIFT_VERSION = 4.2;
				TARGETED_DEVICE_FAMILY = "1,2";
			};
			name = Release;
		};
/* End XCBuildConfiguration section */

/* Begin XCConfigurationList section */
		5679439524DA3B7F00F258C3 /* Build configuration list for PBXProject "SubwayMessenger" */ = {
			isa = XCConfigurationList;
			buildConfigurations = (
				567943AC24DA3B8100F258C3 /* Debug */,
				567943AD24DA3B8100F258C3 /* Release */,
			);
			defaultConfigurationIsVisible = 0;
			defaultConfigurationName = Release;
		};
		567943AE24DA3B8100F258C3 /* Build configuration list for PBXNativeTarget "SubwayMessenger" */ = {
			isa = XCConfigurationList;
			buildConfigurations = (
				567943AF24DA3B8100F258C3 /* Debug */,
				567943B024DA3B8100F258C3 /* Release */,
			);
			defaultConfigurationIsVisible = 0;
			defaultConfigurationName = Release;
		};
/* End XCConfigurationList section */
	};
	rootObject = 5679439224DA3B7F00F258C3 /* Project object */;
}
